
Microsoft Visual Studio Solution File, Format Version 12.00
# Visual Studio Version 17
VisualStudioVersion = 17.5.33530.505
MinimumVisualStudioVersion = 10.0.40219.1
Project("{9A19103F-16F7-4668-BE54-9A1E7A4F7556}") = "Day1", "Day1\Day1.csproj", "{2EC10344-E4B6-4611-B182-284404D5C662}"
EndProject
Project("{9A19103F-16F7-4668-BE54-9A1E7A4F7556}") = "Day2", "Day2\Day2.csproj", "{ADA29DA4-EC88-4C40-B84D-9903BD1130CC}"
EndProject
Project("{9A19103F-16F7-4668-BE54-9A1E7A4F7556}") = "Day3", "Day3\Day3.csproj", "{DA8588F2-8E6D-4251-BE40-1D7FF14BAA7A}"
EndProject
Project("{9A19103F-16F7-4668-BE54-9A1E7A4F7556}") = "Day4", "Day4\Day4.csproj", "{DB9A4873-FAC0-4E00-8777-3BB353F3FE75}"
EndProject
Project("{9A19103F-16F7-4668-BE54-9A1E7A4F7556}") = "Day5", "Day5\Day5.csproj", "{D9FD27F2-6C4D-412B-9504-4C7A3BEA6A56}"
EndProject
Project("{9A19103F-16F7-4668-BE54-9A1E7A4F7556}") = "Day6", "Day6\Day6.csproj", "{BF7A3D94-8A5F-4CDE-B370-2EFB8888BC97}"
EndProject
Project("{9A19103F-16F7-4668-BE54-9A1E7A4F7556}") = "Day7", "Day7\Day7.csproj", "{F4EBD1D4-72EC-46AD-9218-C0591663AECC}"
EndProject
Project("{9A19103F-16F7-4668-BE54-9A1E7A4F7556}") = "Day8", "Day8\Day8.csproj", "{C3CF1E49-5E4D-45E0-8197-783143BC1BC0}"
EndProject
Project("{9A19103F-16F7-4668-BE54-9A1E7A4F7556}") = "Day9", "Day9\Day9.csproj", "{1E9CDCF0-0628-479C-98C1-FFE96D9515DA}"
EndProject
Project("{9A19103F-16F7-4668-BE54-9A1E7A4F7556}") = "Day10", "Day10\Day10.csproj", "{975CB33B-D9A0-435F-88FE-D6D11505FE26}"
EndProject
Project("{9A19103F-16F7-4668-BE54-9A1E7A4F7556}") = "Day11", "Day11\Day11.csproj", "{8610457D-46AC-4B50-AB9B-878DF6A664EA}"
EndProject
Project("{9A19103F-16F7-4668-BE54-9A1E7A4F7556}") = "Day12", "Day12\Day12.csproj", "{C3ABE0A7-0286-4906-BF8B-30F3628D4F20}"
EndProject
Project("{9A19103F-16F7-4668-BE54-9A1E7A4F7556}") = "Day15", "Day15\Day15.csproj", "{5078BC8C-D1A8-41DE-A456-D5057CC913D2}"
EndProject
Project("{9A19103F-16F7-4668-BE54-9A1E7A4F7556}") = "Day14", "Day14\Day14.csproj", "{099E5CF0-D10B-40C2-807F-0BF3E8523B3E}"
EndProject
Project("{9A19103F-16F7-4668-BE54-9A1E7A4F7556}") = "Day13", "Day13\Day13.csproj", "{3B5B7275-AFFF-440F-A734-763B733A7D81}"
EndProject
Project("{9A19103F-16F7-4668-BE54-9A1E7A4F7556}") = "Day18", "Day18\Day18.csproj", "{08E84869-BE55-4BC7-BEFC-F976AB5728E0}"
EndProject
Project("{9A19103F-16F7-4668-BE54-9A1E7A4F7556}") = "Day19", "Day19\Day19.csproj", "{71AB1BA7-3968-43B8-AB7B-2ED49EB1F568}"
EndProject
Project("{9A19103F-16F7-4668-BE54-9A1E7A4F7556}") = "Day20", "Day20\Day20.csproj", "{6FAA26C7-3E76-4B53-BAB6-AAFACE01349B}"
EndProject
Project("{9A19103F-16F7-4668-BE54-9A1E7A4F7556}") = "Day21", "Day21\Day21.csproj", "{C75DB412-6DEA-4801-A2B0-87651BEE0400}"
EndProject
Project("{9A19103F-16F7-4668-BE54-9A1E7A4F7556}") = "Day22", "Day22\Day22.csproj", "{AA7F33CC-CFA8-461E-BC59-3DB8C1FBC247}"
EndProject
Project("{9A19103F-16F7-4668-BE54-9A1E7A4F7556}") = "Day23", "Day23\Day23.csproj", "{787596D6-3AFB-481F-9741-1B019457D5A2}"
EndProject
Project("{9A19103F-16F7-4668-BE54-9A1E7A4F7556}") = "Day24", "Day24\Day24.csproj", "{52719E07-5ACB-4A2C-8A5B-3D9CC4066686}"
EndProject
Project("{FAE04EC0-301F-11D3-BF4B-00C04F79EFBC}") = "Day25", "Day25\Day25.csproj", "{6576C48C-53DC-4650-8862-5AD50D9EBC57}"
EndProject
Global
	GlobalSection(SolutionConfigurationPlatforms) = preSolution
		Debug|Any CPU = Debug|Any CPU
		Release|Any CPU = Release|Any CPU
	EndGlobalSection
	GlobalSection(ProjectConfigurationPlatforms) = postSolution
		{2EC10344-E4B6-4611-B182-284404D5C662}.Debug|Any CPU.ActiveCfg = Debug|Any CPU
		{2EC10344-E4B6-4611-B182-284404D5C662}.Debug|Any CPU.Build.0 = Debug|Any CPU
		{2EC10344-E4B6-4611-B182-284404D5C662}.Release|Any CPU.ActiveCfg = Release|Any CPU
		{2EC10344-E4B6-4611-B182-284404D5C662}.Release|Any CPU.Build.0 = Release|Any CPU
		{ADA29DA4-EC88-4C40-B84D-9903BD1130CC}.Debug|Any CPU.ActiveCfg = Debug|Any CPU
		{ADA29DA4-EC88-4C40-B84D-9903BD1130CC}.Debug|Any CPU.Build.0 = Debug|Any CPU
		{ADA29DA4-EC88-4C40-B84D-9903BD1130CC}.Release|Any CPU.ActiveCfg = Release|Any CPU
		{ADA29DA4-EC88-4C40-B84D-9903BD1130CC}.Release|Any CPU.Build.0 = Release|Any CPU
		{DA8588F2-8E6D-4251-BE40-1D7FF14BAA7A}.Debug|Any CPU.ActiveCfg = Debug|Any CPU
		{DA8588F2-8E6D-4251-BE40-1D7FF14BAA7A}.Debug|Any CPU.Build.0 = Debug|Any CPU
		{DA8588F2-8E6D-4251-BE40-1D7FF14BAA7A}.Release|Any CPU.ActiveCfg = Release|Any CPU
		{DA8588F2-8E6D-4251-BE40-1D7FF14BAA7A}.Release|Any CPU.Build.0 = Release|Any CPU
		{DB9A4873-FAC0-4E00-8777-3BB353F3FE75}.Debug|Any CPU.ActiveCfg = Debug|Any CPU
		{DB9A4873-FAC0-4E00-8777-3BB353F3FE75}.Debug|Any CPU.Build.0 = Debug|Any CPU
		{DB9A4873-FAC0-4E00-8777-3BB353F3FE75}.Release|Any CPU.ActiveCfg = Release|Any CPU
		{DB9A4873-FAC0-4E00-8777-3BB353F3FE75}.Release|Any CPU.Build.0 = Release|Any CPU
		{D9FD27F2-6C4D-412B-9504-4C7A3BEA6A56}.Debug|Any CPU.ActiveCfg = Debug|Any CPU
		{D9FD27F2-6C4D-412B-9504-4C7A3BEA6A56}.Debug|Any CPU.Build.0 = Debug|Any CPU
		{D9FD27F2-6C4D-412B-9504-4C7A3BEA6A56}.Release|Any CPU.ActiveCfg = Release|Any CPU
		{D9FD27F2-6C4D-412B-9504-4C7A3BEA6A56}.Release|Any CPU.Build.0 = Release|Any CPU
		{BF7A3D94-8A5F-4CDE-B370-2EFB8888BC97}.Debug|Any CPU.ActiveCfg = Debug|Any CPU
		{BF7A3D94-8A5F-4CDE-B370-2EFB8888BC97}.Debug|Any CPU.Build.0 = Debug|Any CPU
		{BF7A3D94-8A5F-4CDE-B370-2EFB8888BC97}.Release|Any CPU.ActiveCfg = Release|Any CPU
		{BF7A3D94-8A5F-4CDE-B370-2EFB8888BC97}.Release|Any CPU.Build.0 = Release|Any CPU
		{F4EBD1D4-72EC-46AD-9218-C0591663AECC}.Debug|Any CPU.ActiveCfg = Debug|Any CPU
		{F4EBD1D4-72EC-46AD-9218-C0591663AECC}.Debug|Any CPU.Build.0 = Debug|Any CPU
		{F4EBD1D4-72EC-46AD-9218-C0591663AECC}.Release|Any CPU.ActiveCfg = Release|Any CPU
		{F4EBD1D4-72EC-46AD-9218-C0591663AECC}.Release|Any CPU.Build.0 = Release|Any CPU
		{C3CF1E49-5E4D-45E0-8197-783143BC1BC0}.Debug|Any CPU.ActiveCfg = Debug|Any CPU
		{C3CF1E49-5E4D-45E0-8197-783143BC1BC0}.Debug|Any CPU.Build.0 = Debug|Any CPU
		{C3CF1E49-5E4D-45E0-8197-783143BC1BC0}.Release|Any CPU.ActiveCfg = Release|Any CPU
		{C3CF1E49-5E4D-45E0-8197-783143BC1BC0}.Release|Any CPU.Build.0 = Release|Any CPU
		{1E9CDCF0-0628-479C-98C1-FFE96D9515DA}.Debug|Any CPU.ActiveCfg = Debug|Any CPU
		{1E9CDCF0-0628-479C-98C1-FFE96D9515DA}.Debug|Any CPU.Build.0 = Debug|Any CPU
		{1E9CDCF0-0628-479C-98C1-FFE96D9515DA}.Release|Any CPU.ActiveCfg = Release|Any CPU
		{1E9CDCF0-0628-479C-98C1-FFE96D9515DA}.Release|Any CPU.Build.0 = Release|Any CPU
		{975CB33B-D9A0-435F-88FE-D6D11505FE26}.Debug|Any CPU.ActiveCfg = Debug|Any CPU
		{975CB33B-D9A0-435F-88FE-D6D11505FE26}.Debug|Any CPU.Build.0 = Debug|Any CPU
		{975CB33B-D9A0-435F-88FE-D6D11505FE26}.Release|Any CPU.ActiveCfg = Release|Any CPU
		{975CB33B-D9A0-435F-88FE-D6D11505FE26}.Release|Any CPU.Build.0 = Release|Any CPU
		{8610457D-46AC-4B50-AB9B-878DF6A664EA}.Debug|Any CPU.ActiveCfg = Debug|Any CPU
		{8610457D-46AC-4B50-AB9B-878DF6A664EA}.Debug|Any CPU.Build.0 = Debug|Any CPU
		{8610457D-46AC-4B50-AB9B-878DF6A664EA}.Release|Any CPU.ActiveCfg = Release|Any CPU
		{8610457D-46AC-4B50-AB9B-878DF6A664EA}.Release|Any CPU.Build.0 = Release|Any CPU
		{C3ABE0A7-0286-4906-BF8B-30F3628D4F20}.Debug|Any CPU.ActiveCfg = Debug|Any CPU
		{C3ABE0A7-0286-4906-BF8B-30F3628D4F20}.Debug|Any CPU.Build.0 = Debug|Any CPU
		{C3ABE0A7-0286-4906-BF8B-30F3628D4F20}.Release|Any CPU.ActiveCfg = Release|Any CPU
		{C3ABE0A7-0286-4906-BF8B-30F3628D4F20}.Release|Any CPU.Build.0 = Release|Any CPU
		{5078BC8C-D1A8-41DE-A456-D5057CC913D2}.Debug|Any CPU.ActiveCfg = Debug|Any CPU
		{5078BC8C-D1A8-41DE-A456-D5057CC913D2}.Debug|Any CPU.Build.0 = Debug|Any CPU
		{5078BC8C-D1A8-41DE-A456-D5057CC913D2}.Release|Any CPU.ActiveCfg = Release|Any CPU
		{5078BC8C-D1A8-41DE-A456-D5057CC913D2}.Release|Any CPU.Build.0 = Release|Any CPU
		{099E5CF0-D10B-40C2-807F-0BF3E8523B3E}.Debug|Any CPU.ActiveCfg = Debug|Any CPU
		{099E5CF0-D10B-40C2-807F-0BF3E8523B3E}.Debug|Any CPU.Build.0 = Debug|Any CPU
		{099E5CF0-D10B-40C2-807F-0BF3E8523B3E}.Release|Any CPU.ActiveCfg = Release|Any CPU
		{099E5CF0-D10B-40C2-807F-0BF3E8523B3E}.Release|Any CPU.Build.0 = Release|Any CPU
		{3B5B7275-AFFF-440F-A734-763B733A7D81}.Debug|Any CPU.ActiveCfg = Debug|Any CPU
		{3B5B7275-AFFF-440F-A734-763B733A7D81}.Debug|Any CPU.Build.0 = Debug|Any CPU
		{3B5B7275-AFFF-440F-A734-763B733A7D81}.Release|Any CPU.ActiveCfg = Release|Any CPU
		{3B5B7275-AFFF-440F-A734-763B733A7D81}.Release|Any CPU.Build.0 = Release|Any CPU
		{08E84869-BE55-4BC7-BEFC-F976AB5728E0}.Debug|Any CPU.ActiveCfg = Debug|Any CPU
		{08E84869-BE55-4BC7-BEFC-F976AB5728E0}.Debug|Any CPU.Build.0 = Debug|Any CPU
		{08E84869-BE55-4BC7-BEFC-F976AB5728E0}.Release|Any CPU.ActiveCfg = Release|Any CPU
		{08E84869-BE55-4BC7-BEFC-F976AB5728E0}.Release|Any CPU.Build.0 = Release|Any CPU
		{71AB1BA7-3968-43B8-AB7B-2ED49EB1F568}.Debug|Any CPU.ActiveCfg = Debug|Any CPU
		{71AB1BA7-3968-43B8-AB7B-2ED49EB1F568}.Debug|Any CPU.Build.0 = Debug|Any CPU
		{71AB1BA7-3968-43B8-AB7B-2ED49EB1F568}.Release|Any CPU.ActiveCfg = Release|Any CPU
		{71AB1BA7-3968-43B8-AB7B-2ED49EB1F568}.Release|Any CPU.Build.0 = Release|Any CPU
		{6FAA26C7-3E76-4B53-BAB6-AAFACE01349B}.Debug|Any CPU.ActiveCfg = Debug|Any CPU
		{6FAA26C7-3E76-4B53-BAB6-AAFACE01349B}.Debug|Any CPU.Build.0 = Debug|Any CPU
		{6FAA26C7-3E76-4B53-BAB6-AAFACE01349B}.Release|Any CPU.ActiveCfg = Release|Any CPU
		{6FAA26C7-3E76-4B53-BAB6-AAFACE01349B}.Release|Any CPU.Build.0 = Release|Any CPU
		{C75DB412-6DEA-4801-A2B0-87651BEE0400}.Debug|Any CPU.ActiveCfg = Debug|Any CPU
		{C75DB412-6DEA-4801-A2B0-87651BEE0400}.Debug|Any CPU.Build.0 = Debug|Any CPU
		{C75DB412-6DEA-4801-A2B0-87651BEE0400}.Release|Any CPU.ActiveCfg = Release|Any CPU
		{C75DB412-6DEA-4801-A2B0-87651BEE0400}.Release|Any CPU.Build.0 = Release|Any CPU
		{AA7F33CC-CFA8-461E-BC59-3DB8C1FBC247}.Debug|Any CPU.ActiveCfg = Debug|Any CPU
		{AA7F33CC-CFA8-461E-BC59-3DB8C1FBC247}.Debug|Any CPU.Build.0 = Debug|Any CPU
		{AA7F33CC-CFA8-461E-BC59-3DB8C1FBC247}.Release|Any CPU.ActiveCfg = Release|Any CPU
		{AA7F33CC-CFA8-461E-BC59-3DB8C1FBC247}.Release|Any CPU.Build.0 = Release|Any CPU
		{787596D6-3AFB-481F-9741-1B019457D5A2}.Debug|Any CPU.ActiveCfg = Debug|Any CPU
		{787596D6-3AFB-481F-9741-1B019457D5A2}.Debug|Any CPU.Build.0 = Debug|Any CPU
		{787596D6-3AFB-481F-9741-1B019457D5A2}.Release|Any CPU.ActiveCfg = Release|Any CPU
		{787596D6-3AFB-481F-9741-1B019457D5A2}.Release|Any CPU.Build.0 = Release|Any CPU
		{52719E07-5ACB-4A2C-8A5B-3D9CC4066686}.Debug|Any CPU.ActiveCfg = Debug|Any CPU
		{52719E07-5ACB-4A2C-8A5B-3D9CC4066686}.Debug|Any CPU.Build.0 = Debug|Any CPU
		{52719E07-5ACB-4A2C-8A5B-3D9CC4066686}.Release|Any CPU.ActiveCfg = Release|Any CPU
		{52719E07-5ACB-4A2C-8A5B-3D9CC4066686}.Release|Any CPU.Build.0 = Release|Any CPU
		{6576C48C-53DC-4650-8862-5AD50D9EBC57}.Debug|Any CPU.ActiveCfg = Debug|Any CPU
		{6576C48C-53DC-4650-8862-5AD50D9EBC57}.Debug|Any CPU.Build.0 = Debug|Any CPU
		{6576C48C-53DC-4650-8862-5AD50D9EBC57}.Release|Any CPU.ActiveCfg = Release|Any CPU
		{6576C48C-53DC-4650-8862-5AD50D9EBC57}.Release|Any CPU.Build.0 = Release|Any CPU
	EndGlobalSection
	GlobalSection(SolutionProperties) = preSolution
		HideSolutionNode = FALSE
	EndGlobalSection
	GlobalSection(ExtensibilityGlobals) = postSolution
		SolutionGuid = {07D73172-8C7E-4D19-89C3-3A3AD21A14E3}
	EndGlobalSection
EndGlobal
